// !$*UTF8*$!
{
	archiveVersion = 1;
	classes = {
	};
	objectVersion = 55;
	objects = {

/* Begin PBXBuildFile section */
		9F872E4E272564E7004FC267 /* chr_file_viewerApp.swift in Sources */ = {isa = PBXBuildFile; fileRef = 9F872E4D272564E7004FC267 /* chr_file_viewerApp.swift */; };
		9F872E50272564E7004FC267 /* ContentView.swift in Sources */ = {isa = PBXBuildFile; fileRef = 9F872E4F272564E7004FC267 /* ContentView.swift */; };
		9F872E52272564E8004FC267 /* Assets.xcassets in Resources */ = {isa = PBXBuildFile; fileRef = 9F872E51272564E8004FC267 /* Assets.xcassets */; };
		9F872E55272564E8004FC267 /* Preview Assets.xcassets in Resources */ = {isa = PBXBuildFile; fileRef = 9F872E54272564E8004FC267 /* Preview Assets.xcassets */; };
		9F872E5D2725666E004FC267 /* ContentViewModel.swift in Sources */ = {isa = PBXBuildFile; fileRef = 9F872E5C2725666E004FC267 /* ContentViewModel.swift */; };
		9F872E5F27258576004FC267 /* ExampleCHR.swift in Sources */ = {isa = PBXBuildFile; fileRef = 9F872E5E27258576004FC267 /* ExampleCHR.swift */; };
		9F872E61272586D5004FC267 /* SpriteView.swift in Sources */ = {isa = PBXBuildFile; fileRef = 9F872E60272586D5004FC267 /* SpriteView.swift */; };
		9F872E63272587D6004FC267 /* Color+Extension.swift in Sources */ = {isa = PBXBuildFile; fileRef = 9F872E62272587D6004FC267 /* Color+Extension.swift */; };
		9F872E6527258B7E004FC267 /* PatternTableView.swift in Sources */ = {isa = PBXBuildFile; fileRef = 9F872E6427258B7E004FC267 /* PatternTableView.swift */; };
/* End PBXBuildFile section */

/* Begin PBXFileReference section */
		9F872E4A272564E7004FC267 /* chr-file-viewer.app */ = {isa = PBXFileReference; explicitFileType = wrapper.application; includeInIndex = 0; path = "chr-file-viewer.app"; sourceTree = BUILT_PRODUCTS_DIR; };
		9F872E4D272564E7004FC267 /* chr_file_viewerApp.swift */ = {isa = PBXFileReference; lastKnownFileType = sourcecode.swift; path = chr_file_viewerApp.swift; sourceTree = "<group>"; };
		9F872E4F272564E7004FC267 /* ContentView.swift */ = {isa = PBXFileReference; lastKnownFileType = sourcecode.swift; path = ContentView.swift; sourceTree = "<group>"; };
		9F872E51272564E8004FC267 /* Assets.xcassets */ = {isa = PBXFileReference; lastKnownFileType = folder.assetcatalog; path = Assets.xcassets; sourceTree = "<group>"; };
		9F872E54272564E8004FC267 /* Preview Assets.xcassets */ = {isa = PBXFileReference; lastKnownFileType = folder.assetcatalog; path = "Preview Assets.xcassets"; sourceTree = "<group>"; };
		9F872E56272564E8004FC267 /* chr_file_viewer.entitlements */ = {isa = PBXFileReference; lastKnownFileType = text.plist.entitlements; path = chr_file_viewer.entitlements; sourceTree = "<group>"; };
		9F872E5C2725666E004FC267 /* ContentViewModel.swift */ = {isa = PBXFileReference; lastKnownFileType = sourcecode.swift; path = ContentViewModel.swift; sourceTree = "<group>"; };
		9F872E5E27258576004FC267 /* ExampleCHR.swift */ = {isa = PBXFileReference; lastKnownFileType = sourcecode.swift; path = ExampleCHR.swift; sourceTree = "<group>"; };
		9F872E60272586D5004FC267 /* SpriteView.swift */ = {isa = PBXFileReference; lastKnownFileType = sourcecode.swift; path = SpriteView.swift; sourceTree = "<group>"; };
		9F872E62272587D6004FC267 /* Color+Extension.swift */ = {isa = PBXFileReference; lastKnownFileType = sourcecode.swift; path = "Color+Extension.swift"; sourceTree = "<group>"; };
		9F872E6427258B7E004FC267 /* PatternTableView.swift */ = {isa = PBXFileReference; lastKnownFileType = sourcecode.swift; path = PatternTableView.swift; sourceTree = "<group>"; };
/* End PBXFileReference section */

/* Begin PBXFrameworksBuildPhase section */
		9F872E47272564E7004FC267 /* Frameworks */ = {
			isa = PBXFrameworksBuildPhase;
			buildActionMask = 2147483647;
			files = (
			);
			runOnlyForDeploymentPostprocessing = 0;
		};
/* End PBXFrameworksBuildPhase section */

/* Begin PBXGroup section */
		9F872E41272564E7004FC267 = {
			isa = PBXGroup;
			children = (
				9F872E4C272564E7004FC267 /* chr-file-viewer */,
				9F872E4B272564E7004FC267 /* Products */,
			);
			sourceTree = "<group>";
		};
		9F872E4B272564E7004FC267 /* Products */ = {
			isa = PBXGroup;
			children = (
				9F872E4A272564E7004FC267 /* chr-file-viewer.app */,
			);
			name = Products;
			sourceTree = "<group>";
		};
		9F872E4C272564E7004FC267 /* chr-file-viewer */ = {
			isa = PBXGroup;
			children = (
				9F872E4D272564E7004FC267 /* chr_file_viewerApp.swift */,
				9F872E60272586D5004FC267 /* SpriteView.swift */,
				9F872E6427258B7E004FC267 /* PatternTableView.swift */,
				9F872E4F272564E7004FC267 /* ContentView.swift */,
				9F872E5C2725666E004FC267 /* ContentViewModel.swift */,
				9F872E51272564E8004FC267 /* Assets.xcassets */,
				9F872E56272564E8004FC267 /* chr_file_viewer.entitlements */,
				9F872E53272564E8004FC267 /* Preview Content */,
				9F872E5E27258576004FC267 /* ExampleCHR.swift */,
				9F872E62272587D6004FC267 /* Color+Extension.swift */,
			);
			path = "chr-file-viewer";
			sourceTree = "<group>";
		};
		9F872E53272564E8004FC267 /* Preview Content */ = {
			isa = PBXGroup;
			children = (
				9F872E54272564E8004FC267 /* Preview Assets.xcassets */,
			);
			path = "Preview Content";
			sourceTree = "<group>";
		};
/* End PBXGroup section */

/* Begin PBXNativeTarget section */
		9F872E49272564E7004FC267 /* chr-file-viewer */ = {
			isa = PBXNativeTarget;
			buildConfigurationList = 9F872E59272564E8004FC267 /* Build configuration list for PBXNativeTarget "chr-file-viewer" */;
			buildPhases = (
				9F872E46272564E7004FC267 /* Sources */,
				9F872E47272564E7004FC267 /* Frameworks */,
				9F872E48272564E7004FC267 /* Resources */,
			);
			buildRules = (
			);
			dependencies = (
			);
			name = "chr-file-viewer";
			productName = "chr-file-viewer";
			productReference = 9F872E4A272564E7004FC267 /* chr-file-viewer.app */;
			productType = "com.apple.product-type.application";
		};
/* End PBXNativeTarget section */

/* Begin PBXProject section */
		9F872E42272564E7004FC267 /* Project object */ = {
			isa = PBXProject;
			attributes = {
				BuildIndependentTargetsInParallel = 1;
				LastSwiftUpdateCheck = 1300;
				LastUpgradeCheck = 1300;
				TargetAttributes = {
					9F872E49272564E7004FC267 = {
						CreatedOnToolsVersion = 13.0;
					};
				};
			};
			buildConfigurationList = 9F872E45272564E7004FC267 /* Build configuration list for PBXProject "chr-file-viewer" */;
			compatibilityVersion = "Xcode 13.0";
			developmentRegion = en;
			hasScannedForEncodings = 0;
			knownRegions = (
				en,
				Base,
			);
			mainGroup = 9F872E41272564E7004FC267;
			productRefGroup = 9F872E4B272564E7004FC267 /* Products */;
			projectDirPath = "";
			projectRoot = "";
			targets = (
				9F872E49272564E7004FC267 /* chr-file-viewer */,
			);
		};
/* End PBXProject section */

/* Begin PBXResourcesBuildPhase section */
		9F872E48272564E7004FC267 /* Resources */ = {
			isa = PBXResourcesBuildPhase;
			buildActionMask = 2147483647;
			files = (
				9F872E55272564E8004FC267 /* Preview Assets.xcassets in Resources */,
				9F872E52272564E8004FC267 /* Assets.xcassets in Resources */,
			);
			runOnlyForDeploymentPostprocessing = 0;
		};
/* End PBXResourcesBuildPhase section */

/* Begin PBXSourcesBuildPhase section */
		9F872E46272564E7004FC267 /* Sources */ = {
			isa = PBXSourcesBuildPhase;
			buildActionMask = 2147483647;
			files = (
				9F872E5F27258576004FC267 /* ExampleCHR.swift in Sources */,
				9F872E63272587D6004FC267 /* Color+Extension.swift in Sources */,
				9F872E61272586D5004FC267 /* SpriteView.swift in Sources */,
				9F872E6527258B7E004FC267 /* PatternTableView.swift in Sources */,
				9F872E50272564E7004FC267 /* ContentView.swift in Sources */,
				9F872E4E272564E7004FC267 /* chr_file_viewerApp.swift in Sources */,
				9F872E5D2725666E004FC267 /* ContentViewModel.swift in Sources */,
			);
			runOnlyForDeploymentPostprocessing = 0;
		};
/* End PBXSourcesBuildPhase section */

/* Begin XCBuildConfiguration section */
		9F872E57272564E8004FC267 /* Debug */ = {
			isa = XCBuildConfiguration;
			buildSettings = {
				ALWAYS_SEARCH_USER_PATHS = NO;
				CLANG_ANALYZER_NONNULL = YES;
				CLANG_ANALYZER_NUMBER_OBJECT_CONVERSION = YES_AGGRESSIVE;
				CLANG_CXX_LANGUAGE_STANDARD = "gnu++17";
				CLANG_CXX_LIBRARY = "libc++";
				CLANG_ENABLE_MODULES = YES;
				CLANG_ENABLE_OBJC_ARC = YES;
				CLANG_ENABLE_OBJC_WEAK = YES;
				CLANG_WARN_BLOCK_CAPTURE_AUTORELEASING = YES;
				CLANG_WARN_BOOL_CONVERSION = YES;
				CLANG_WARN_COMMA = YES;
				CLANG_WARN_CONSTANT_CONVERSION = YES;
				CLANG_WARN_DEPRECATED_OBJC_IMPLEMENTATIONS = YES;
				CLANG_WARN_DIRECT_OBJC_ISA_USAGE = YES_ERROR;
				CLANG_WARN_DOCUMENTATION_COMMENTS = YES;
				CLANG_WARN_EMPTY_BODY = YES;
				CLANG_WARN_ENUM_CONVERSION = YES;
				CLANG_WARN_INFINITE_RECURSION = YES;
				CLANG_WARN_INT_CONVERSION = YES;
				CLANG_WARN_NON_LITERAL_NULL_CONVERSION = YES;
				CLANG_WARN_OBJC_IMPLICIT_RETAIN_SELF = YES;
				CLANG_WARN_OBJC_LITERAL_CONVERSION = YES;
				CLANG_WARN_OBJC_ROOT_CLASS = YES_ERROR;
				CLANG_WARN_QUOTED_INCLUDE_IN_FRAMEWORK_HEADER = YES;
				CLANG_WARN_RANGE_LOOP_ANALYSIS = YES;
				CLANG_WARN_STRICT_PROTOTYPES = YES;
				CLANG_WARN_SUSPICIOUS_MOVE = YES;
				CLANG_WARN_UNGUARDED_AVAILABILITY = YES_AGGRESSIVE;
				CLANG_WARN_UNREACHABLE_CODE = YES;
				CLANG_WARN__DUPLICATE_METHOD_MATCH = YES;
				COPY_PHASE_STRIP = NO;
				DEBUG_INFORMATION_FORMAT = dwarf;
				ENABLE_STRICT_OBJC_MSGSEND = YES;
				ENABLE_TESTABILITY = YES;
				GCC_C_LANGUAGE_STANDARD = gnu11;
				GCC_DYNAMIC_NO_PIC = NO;
				GCC_NO_COMMON_BLOCKS = YES;
				GCC_OPTIMIZATION_LEVEL = 0;
				GCC_PREPROCESSOR_DEFINITIONS = (
					"DEBUG=1",
					"$(inherited)",
				);
				GCC_WARN_64_TO_32_BIT_CONVERSION = YES;
				GCC_WARN_ABOUT_RETURN_TYPE = YES_ERROR;
				GCC_WARN_UNDECLARED_SELECTOR = YES;
				GCC_WARN_UNINITIALIZED_AUTOS = YES_AGGRESSIVE;
				GCC_WARN_UNUSED_FUNCTION = YES;
				GCC_WARN_UNUSED_VARIABLE = YES;
				MACOSX_DEPLOYMENT_TARGET = 11.3;
				MTL_ENABLE_DEBUG_INFO = INCLUDE_SOURCE;
				MTL_FAST_MATH = YES;
				ONLY_ACTIVE_ARCH = YES;
				SDKROOT = macosx;
				SWIFT_ACTIVE_COMPILATION_CONDITIONS = DEBUG;
				SWIFT_OPTIMIZATION_LEVEL = "-Onone";
			};
			name = Debug;
		};
		9F872E58272564E8004FC267 /* Release */ = {
			isa = XCBuildConfiguration;
			buildSettings = {
				ALWAYS_SEARCH_USER_PATHS = NO;
				CLANG_ANALYZER_NONNULL = YES;
				CLANG_ANALYZER_NUMBER_OBJECT_CONVERSION = YES_AGGRESSIVE;
				CLANG_CXX_LANGUAGE_STANDARD = "gnu++17";
				CLANG_CXX_LIBRARY = "libc++";
				CLANG_ENABLE_MODULES = YES;
				CLANG_ENABLE_OBJC_ARC = YES;
				CLANG_ENABLE_OBJC_WEAK = YES;
				CLANG_WARN_BLOCK_CAPTURE_AUTORELEASING = YES;
				CLANG_WARN_BOOL_CONVERSION = YES;
				CLANG_WARN_COMMA = YES;
				CLANG_WARN_CONSTANT_CONVERSION = YES;
				CLANG_WARN_DEPRECATED_OBJC_IMPLEMENTATIONS = YES;
				CLANG_WARN_DIRECT_OBJC_ISA_USAGE = YES_ERROR;
				CLANG_WARN_DOCUMENTATION_COMMENTS = YES;
				CLANG_WARN_EMPTY_BODY = YES;
				CLANG_WARN_ENUM_CONVERSION = YES;
				CLANG_WARN_INFINITE_RECURSION = YES;
				CLANG_WARN_INT_CONVERSION = YES;
				CLANG_WARN_NON_LITERAL_NULL_CONVERSION = YES;
				CLANG_WARN_OBJC_IMPLICIT_RETAIN_SELF = YES;
				CLANG_WARN_OBJC_LITERAL_CONVERSION = YES;
				CLANG_WARN_OBJC_ROOT_CLASS = YES_ERROR;
				CLANG_WARN_QUOTED_INCLUDE_IN_FRAMEWORK_HEADER = YES;
				CLANG_WARN_RANGE_LOOP_ANALYSIS = YES;
				CLANG_WARN_STRICT_PROTOTYPES = YES;
				CLANG_WARN_SUSPICIOUS_MOVE = YES;
				CLANG_WARN_UNGUARDED_AVAILABILITY = YES_AGGRESSIVE;
				CLANG_WARN_UNREACHABLE_CODE = YES;
				CLANG_WARN__DUPLICATE_METHOD_MATCH = YES;
				COPY_PHASE_STRIP = NO;
				DEBUG_INFORMATION_FORMAT = "dwarf-with-dsym";
				ENABLE_NS_ASSERTIONS = NO;
				ENABLE_STRICT_OBJC_MSGSEND = YES;
				GCC_C_LANGUAGE_STANDARD = gnu11;
				GCC_NO_COMMON_BLOCKS = YES;
				GCC_WARN_64_TO_32_BIT_CONVERSION = YES;
				GCC_WARN_ABOUT_RETURN_TYPE = YES_ERROR;
				GCC_WARN_UNDECLARED_SELECTOR = YES;
				GCC_WARN_UNINITIALIZED_AUTOS = YES_AGGRESSIVE;
				GCC_WARN_UNUSED_FUNCTION = YES;
				GCC_WARN_UNUSED_VARIABLE = YES;
				MACOSX_DEPLOYMENT_TARGET = 11.3;
				MTL_ENABLE_DEBUG_INFO = NO;
				MTL_FAST_MATH = YES;
				SDKROOT = macosx;
				SWIFT_COMPILATION_MODE = wholemodule;
				SWIFT_OPTIMIZATION_LEVEL = "-O";
			};
			name = Release;
		};
		9F872E5A272564E8004FC267 /* Debug */ = {
			isa = XCBuildConfiguration;
			buildSettings = {
				ASSETCATALOG_COMPILER_APPICON_NAME = AppIcon;
				ASSETCATALOG_COMPILER_GLOBAL_ACCENT_COLOR_NAME = AccentColor;
				CODE_SIGN_ENTITLEMENTS = "chr-file-viewer/chr_file_viewer.entitlements";
				CODE_SIGN_STYLE = Automatic;
				COMBINE_HIDPI_IMAGES = YES;
				CURRENT_PROJECT_VERSION = 1;
				DEVELOPMENT_ASSET_PATHS = "\"chr-file-viewer/Preview Content\"";
				DEVELOPMENT_TEAM = D2M635QX4Y;
				ENABLE_HARDENED_RUNTIME = YES;
				ENABLE_PREVIEWS = YES;
				GENERATE_INFOPLIST_FILE = YES;
				INFOPLIST_KEY_NSHumanReadableCopyright = "";
				LD_RUNPATH_SEARCH_PATHS = (
					"$(inherited)",
					"@executable_path/../Frameworks",
				);
				MACOSX_DEPLOYMENT_TARGET = 11.0;
				MARKETING_VERSION = 1.0;
				PRODUCT_BUNDLE_IDENTIFIER = "com.nepraunig.chr-file-viewer";
				PRODUCT_NAME = "$(TARGET_NAME)";
				SWIFT_EMIT_LOC_STRINGS = YES;
				SWIFT_VERSION = 5.0;
			};
			name = Debug;
		};
		9F872E5B272564E8004FC267 /* Release */ = {
			isa = XCBuildConfiguration;
			buildSettings = {
				ASSETCATALOG_COMPILER_APPICON_NAME = AppIcon;
				ASSETCATALOG_COMPILER_GLOBAL_ACCENT_COLOR_NAME = AccentColor;
				CODE_SIGN_ENTITLEMENTS = "chr-file-viewer/chr_file_viewer.entitlements";
				CODE_SIGN_STYLE = Automatic;
				COMBINE_HIDPI_IMAGES = YES;
				CURRENT_PROJECT_VERSION = 1;
				DEVELOPMENT_ASSET_PATHS = "\"chr-file-viewer/Preview Content\"";
				DEVELOPMENT_TEAM = D2M635QX4Y;
				ENABLE_HARDENED_RUNTIME = YES;
				ENABLE_PREVIEWS = YES;
				GENERATE_INFOPLIST_FILE = YES;
				INFOPLIST_KEY_NSHumanReadableCopyright = "";
				LD_RUNPATH_SEARCH_PATHS = (
					"$(inherited)",
					"@executable_path/../Frameworks",
				);
				MACOSX_DEPLOYMENT_TARGET = 11.0;
				MARKETING_VERSION = 1.0;
				PRODUCT_BUNDLE_IDENTIFIER = "com.nepraunig.chr-file-viewer";
				PRODUCT_NAME = "$(TARGET_NAME)";
				SWIFT_EMIT_LOC_STRINGS = YES;
				SWIFT_VERSION = 5.0;
			};
			name = Release;
		};
/* End XCBuildConfiguration section */

/* Begin XCConfigurationList section */
		9F872E45272564E7004FC267 /* Build configuration list for PBXProject "chr-file-viewer" */ = {
			isa = XCConfigurationList;
			buildConfigurations = (
				9F872E57272564E8004FC267 /* Debug */,
				9F872E58272564E8004FC267 /* Release */,
			);
			defaultConfigurationIsVisible = 0;
			defaultConfigurationName = Release;
		};
		9F872E59272564E8004FC267 /* Build configuration list for PBXNativeTarget "chr-file-viewer" */ = {
			isa = XCConfigurationList;
			buildConfigurations = (
				9F872E5A272564E8004FC267 /* Debug */,
				9F872E5B272564E8004FC267 /* Release */,
			);
			defaultConfigurationIsVisible = 0;
			defaultConfigurationName = Release;
		};
/* End XCConfigurationList section */
	};
	rootObject = 9F872E42272564E7004FC267 /* Project object */;
}
